<?xml version="1.0" encoding="UTF-8" standalone="yes" ?>
<CodeBlocks_project_file>
	<FileVersion major="1" minor="6" />
	<Project>
		<Option title="CSC2110-Assignment03-copy" />
		<Option pch_mode="2" />
		<Option compiler="gcc" />
		<Build>
			<Target title="Debug">
				<Option output="bin/Debug/CSC2110-Assignment03-copy" prefix_auto="1" extension_auto="1" />
				<Option object_output="obj/Debug/" />
				<Option type="1" />
				<Option compiler="gcc" />
				<Compiler>
					<Add option="-g" />
				</Compiler>
			</Target>
			<Target title="Release">
				<Option output="bin/Release/CSC2110-Assignment03-copy" prefix_auto="1" extension_auto="1" />
				<Option object_output="obj/Release/" />
				<Option type="1" />
				<Option compiler="gcc" />
				<Compiler>
					<Add option="-O2" />
				</Compiler>
				<Linker>
					<Add option="-s" />
				</Linker>
			</Target>
		</Build>
		<Compiler>
			<Add option="-Wall" />
			<Add option="-fexceptions" />
		</Compiler>
		<Unit filename="accquestion.cpp" />
		<Unit filename="accquestion.h" />
		<Unit filename="main.cpp" />
		<Unit filename="mcquestion.cpp" />
		<Unit filename="mcquestion.h" />
		<Unit filename="naquestion.cpp" />
		<Unit filename="naquestion.h" />
		<Unit filename="occquestion.cpp" />
		<Unit filename="occquestion.h" />
		<Unit filename="question.cpp" />
		<Unit filename="question.h" />
		<Unit filename="quiz.cpp" />
		<Unit filename="quiz.h" />
		<Unit filename="saquestion.cpp" />
		<Unit filename="saquestion.h" />
		<Extensions />
	</Project>
</CodeBlocks_project_file>
